{
  "name": "pruebas",
  "version": "1.0.0",
  "lockfileVersion": 1,
  "requires": true,
  "dependencies": {
    "@uirouter/core": {
      "version": "5.0.21",
      "resolved": "https://registry.npmjs.org/@uirouter/core/-/core-5.0.21.tgz",
      "integrity": "sha512-QWHc0wT00qtYNkT0BXZaFNLLHZyux0qJjF8c2WklW5/Q0Z866NoJjJErEMWjQb/AR+olkR2NlfEEi8KTQU2OpA=="
    },
    "angular": {
      "version": "1.7.5",
      "resolved": "https://registry.npmjs.org/angular/-/angular-1.7.5.tgz",
      "integrity": "sha512-760183yxtGzni740IBTieNuWLtPNAoMqvmC0Z62UoU0I3nqk+VJuO3JbQAXOyvo3Oy/ZsdNQwrSTh/B0OQZjNw=="
    },
    "angular-animate": {
      "version": "1.7.5",
      "resolved": "https://registry.npmjs.org/angular-animate/-/angular-animate-1.7.5.tgz",
      "integrity": "sha512-kU/fHIGf2a4a3bH7E1tzALTHk+QfoUSCK9fEcMFisd6ZWvNDwPzXWAilItqOC3EDiAXPmGHaNc9/aXiD9xrAxQ=="
    },
    "angular-button-spinner": {
      "version": "git+https://github.com/jvdvleuten/angular-button-spinner.git#d0b3e8a17553b9e8f3f88b9974bcbcddbd639d4c"
    },
    "angular-loading-bar": {
      "version": "0.9.0",
      "resolved": "https://registry.npmjs.org/angular-loading-bar/-/angular-loading-bar-0.9.0.tgz",
      "integrity": "sha1-N+9Swl8QLCFuezzf0vxaXflijkU="
    },
    "angular-resource": {
      "version": "1.7.5",
      "resolved": "https://registry.npmjs.org/angular-resource/-/angular-resource-1.7.5.tgz",
      "integrity": "sha512-zlCKVNa2nnZNb4Lz3YFPKhsYG+v+t4STEsjkWRbii6PfwSrtH9R/zGpCOkBNFnq3naeZMMmd5aIIgHi5a7k9jA=="
    },
    "angular-ui-notification": {
      "version": "0.3.6",
      "resolved": "https://registry.npmjs.org/angular-ui-notification/-/angular-ui-notification-0.3.6.tgz",
      "integrity": "sha1-MzvL6ComUUgrOcNZWzy/qI4wvPc="
    },
    "angular-ui-router": {
      "version": "1.0.20",
      "resolved": "https://registry.npmjs.org/angular-ui-router/-/angular-ui-router-1.0.20.tgz",
      "integrity": "sha512-D9Y+qOq6StinrlyeiHp7wbOBL5UbwaHW1dgpfQZ6fWuQ5Q5UOrJfe3S28XWDt8ybOKaUh2ds/IFXib5vCu8Opg==",
      "requires": {
        "@uirouter/core": "5.0.21"
      }
    },
    "bootstrap": {
      "version": "4.1.3",
      "resolved": "https://registry.npmjs.org/bootstrap/-/bootstrap-4.1.3.tgz",
      "integrity": "sha512-rDFIzgXcof0jDyjNosjv4Sno77X4KuPeFxG2XZZv1/Kc8DRVGVADdoQyyOVDwPqL36DDmtCQbrpMCqvpPLJQ0w=="
    },
    "font-awesome": {
      "version": "4.7.0",
      "resolved": "https://registry.npmjs.org/font-awesome/-/font-awesome-4.7.0.tgz",
      "integrity": "sha1-j6jPBBGhoxr9B7BtKQK7n8gVoTM="
    },
    "jquery": {
      "version": "3.3.1",
      "resolved": "https://registry.npmjs.org/jquery/-/jquery-3.3.1.tgz",
      "integrity": "sha512-Ubldcmxp5np52/ENotGxlLe6aGMvmF4R8S6tZjsP6Knsaxd/xp3Zrh50cG93lR6nPXyUFwzN3ZSOQI0wRJNdGg=="
    },
    "oclazyload": {
      "version": "1.1.0",
      "resolved": "https://registry.npmjs.org/oclazyload/-/oclazyload-1.1.0.tgz",
      "integrity": "sha1-qYBzIvGQggqBwCLy7xcB0DbYPoc="
    },
    "sweetalert": {
      "version": "1.1.3",
      "resolved": "https://registry.npmjs.org/sweetalert/-/sweetalert-1.1.3.tgz",
      "integrity": "sha1-0sMepJKyK2qNiHrqFZiaI4/AhK4="
    },
    "systemjs": {
      "version": "2.0.2",
      "resolved": "https://registry.npmjs.org/systemjs/-/systemjs-2.0.2.tgz",
      "integrity": "sha512-uNsbj+2RMKwrg/zxdqjBpb8JtksBrucQcLo6h/ZG0SCmLgLG1QVX0Al6b8YPz+lC+AsPs/hARf9DCXBdPXu31g=="
    }
  }
}
